
Microsoft Visual Studio Solution File, Format Version 12.00
# Visual Studio Version 16
VisualStudioVersion = 16.0.29102.190
MinimumVisualStudioVersion = 10.0.40219.1
Project("{FAE04EC0-301F-11D3-BF4B-00C04F79EFBC}") = "LibraryManagmentWS", "LibraryManagmentWS\LibraryManagmentWS.csproj", "{9C9EE849-C6CB-4904-A040-CC8304DEE5FD}"
EndProject
Global
	GlobalSection(SolutionConfigurationPlatforms) = preSolution
		Debug|Any CPU = Debug|Any CPU
		Release|Any CPU = Release|Any CPU
	EndGlobalSection
	GlobalSection(ProjectConfigurationPlatforms) = postSolution
		{9C9EE849-C6CB-4904-A040-CC8304DEE5FD}.Debug|Any CPU.ActiveCfg = Debug|Any CPU
		{9C9EE849-C6CB-4904-A040-CC8304DEE5FD}.Debug|Any CPU.Build.0 = Debug|Any CPU
		{9C9EE849-C6CB-4904-A040-CC8304DEE5FD}.Release|Any CPU.ActiveCfg = Release|Any CPU
		{9C9EE849-C6CB-4904-A040-CC8304DEE5FD}.Release|Any CPU.Build.0 = Release|Any CPU
	EndGlobalSection
	GlobalSection(SolutionProperties) = preSolution
		HideSolutionNode = FALSE
	EndGlobalSection
	GlobalSection(ExtensibilityGlobals) = postSolution
		SolutionGuid = {AF0B9090-15E0-4583-A025-D3CD34254804}
	EndGlobalSection
EndGlobal
